
Microsoft Visual Studio Solution File, Format Version 12.00
# Visual Studio Version 17
VisualStudioVersion = 17.11.35312.102
MinimumVisualStudioVersion = 10.0.40219.1
Project("{9A19103F-16F7-4668-BE54-9A1E7A4F7556}") = "StripsDL", "StripsDL.csproj", "{D8A203A7-E1CE-47FD-B31B-083F49A3E7D0}"
EndProject
Project("{FAE04EC0-301F-11D3-BF4B-00C04F79EFBC}") = "StripsBL", "..\StripsBL\StripsBL.csproj", "{7C25CD88-6CE0-49FD-B884-326A0B1B5161}"
EndProject
Project("{FAE04EC0-301F-11D3-BF4B-00C04F79EFBC}") = "StripsREST", "..\StripsREST\StripsREST.csproj", "{91E5B086-887A-4B44-9BA1-6A2BC927E21C}"
EndProject
Global
	GlobalSection(SolutionConfigurationPlatforms) = preSolution
		Debug|Any CPU = Debug|Any CPU
		Release|Any CPU = Release|Any CPU
	EndGlobalSection
	GlobalSection(ProjectConfigurationPlatforms) = postSolution
		{D8A203A7-E1CE-47FD-B31B-083F49A3E7D0}.Debug|Any CPU.ActiveCfg = Debug|Any CPU
		{D8A203A7-E1CE-47FD-B31B-083F49A3E7D0}.Debug|Any CPU.Build.0 = Debug|Any CPU
		{D8A203A7-E1CE-47FD-B31B-083F49A3E7D0}.Release|Any CPU.ActiveCfg = Release|Any CPU
		{D8A203A7-E1CE-47FD-B31B-083F49A3E7D0}.Release|Any CPU.Build.0 = Release|Any CPU
		{7C25CD88-6CE0-49FD-B884-326A0B1B5161}.Debug|Any CPU.ActiveCfg = Debug|Any CPU
		{7C25CD88-6CE0-49FD-B884-326A0B1B5161}.Debug|Any CPU.Build.0 = Debug|Any CPU
		{7C25CD88-6CE0-49FD-B884-326A0B1B5161}.Release|Any CPU.ActiveCfg = Release|Any CPU
		{7C25CD88-6CE0-49FD-B884-326A0B1B5161}.Release|Any CPU.Build.0 = Release|Any CPU
		{91E5B086-887A-4B44-9BA1-6A2BC927E21C}.Debug|Any CPU.ActiveCfg = Debug|Any CPU
		{91E5B086-887A-4B44-9BA1-6A2BC927E21C}.Debug|Any CPU.Build.0 = Debug|Any CPU
		{91E5B086-887A-4B44-9BA1-6A2BC927E21C}.Release|Any CPU.ActiveCfg = Release|Any CPU
		{91E5B086-887A-4B44-9BA1-6A2BC927E21C}.Release|Any CPU.Build.0 = Release|Any CPU
	EndGlobalSection
	GlobalSection(SolutionProperties) = preSolution
		HideSolutionNode = FALSE
	EndGlobalSection
	GlobalSection(ExtensibilityGlobals) = postSolution
		SolutionGuid = {01516808-F848-4521-BC46-99179F1D37A5}
	EndGlobalSection
EndGlobal
